
Microsoft Visual Studio Solution File, Format Version 12.00
# Visual Studio Version 16
VisualStudioVersion = 16.0.29123.88
MinimumVisualStudioVersion = 10.0.40219.1
Project("{FAE04EC0-301F-11D3-BF4B-00C04F79EFBC}") = "MusicTeacherStudio.WebAPI", "MusicTeacherStudio.WebAPI\MusicTeacherStudio.WebAPI.csproj", "{C235DFE4-3C69-446C-B002-455D0131D8C5}"
EndProject
Project("{FAE04EC0-301F-11D3-BF4B-00C04F79EFBC}") = "MusicTeacherStudio.Data", "MusicTeacherStudio.Data\MusicTeacherStudio.Data.csproj", "{907162E3-6613-45C0-824F-50AB2699CA2C}"
EndProject
Project("{FAE04EC0-301F-11D3-BF4B-00C04F79EFBC}") = "MusicTeacherStudio.Models", "MusicTeacherStudio.Models\MusicTeacherStudio.Models.csproj", "{55800515-7BFF-4807-87AD-5FBBAD31A06A}"
EndProject
Project("{FAE04EC0-301F-11D3-BF4B-00C04F79EFBC}") = "MusicTeacherStudio.Services", "MusicTeacherStudio.Services\MusicTeacherStudio.Services.csproj", "{9EEC7745-6CE9-481D-8F95-1433394964AA}"
EndProject
Global
	GlobalSection(SolutionConfigurationPlatforms) = preSolution
		Debug|Any CPU = Debug|Any CPU
		Release|Any CPU = Release|Any CPU
	EndGlobalSection
	GlobalSection(ProjectConfigurationPlatforms) = postSolution
		{C235DFE4-3C69-446C-B002-455D0131D8C5}.Debug|Any CPU.ActiveCfg = Debug|Any CPU
		{C235DFE4-3C69-446C-B002-455D0131D8C5}.Debug|Any CPU.Build.0 = Debug|Any CPU
		{C235DFE4-3C69-446C-B002-455D0131D8C5}.Release|Any CPU.ActiveCfg = Release|Any CPU
		{C235DFE4-3C69-446C-B002-455D0131D8C5}.Release|Any CPU.Build.0 = Release|Any CPU
		{907162E3-6613-45C0-824F-50AB2699CA2C}.Debug|Any CPU.ActiveCfg = Debug|Any CPU
		{907162E3-6613-45C0-824F-50AB2699CA2C}.Debug|Any CPU.Build.0 = Debug|Any CPU
		{907162E3-6613-45C0-824F-50AB2699CA2C}.Release|Any CPU.ActiveCfg = Release|Any CPU
		{907162E3-6613-45C0-824F-50AB2699CA2C}.Release|Any CPU.Build.0 = Release|Any CPU
		{55800515-7BFF-4807-87AD-5FBBAD31A06A}.Debug|Any CPU.ActiveCfg = Debug|Any CPU
		{55800515-7BFF-4807-87AD-5FBBAD31A06A}.Debug|Any CPU.Build.0 = Debug|Any CPU
		{55800515-7BFF-4807-87AD-5FBBAD31A06A}.Release|Any CPU.ActiveCfg = Release|Any CPU
		{55800515-7BFF-4807-87AD-5FBBAD31A06A}.Release|Any CPU.Build.0 = Release|Any CPU
		{9EEC7745-6CE9-481D-8F95-1433394964AA}.Debug|Any CPU.ActiveCfg = Debug|Any CPU
		{9EEC7745-6CE9-481D-8F95-1433394964AA}.Debug|Any CPU.Build.0 = Debug|Any CPU
		{9EEC7745-6CE9-481D-8F95-1433394964AA}.Release|Any CPU.ActiveCfg = Release|Any CPU
		{9EEC7745-6CE9-481D-8F95-1433394964AA}.Release|Any CPU.Build.0 = Release|Any CPU
	EndGlobalSection
	GlobalSection(SolutionProperties) = preSolution
		HideSolutionNode = FALSE
	EndGlobalSection
	GlobalSection(ExtensibilityGlobals) = postSolution
		SolutionGuid = {A1D599F0-054F-49F1-A195-2D033A82D118}
	EndGlobalSection
EndGlobal
